{
    "_readme": [
        "This file locks the dependencies of your project to a known state",
        "Read more about it at https://getcomposer.org/doc/01-basic-usage.md#installing-dependencies",
        "This file is @generated automatically"
    ],
    "content-hash": "c4626a994d9535042254e67ce1633371",
    "packages": [
        {
            "name": "automattic/jetpack-google-fonts-provider",
            "version": "v0.3.0",
            "source": {
                "type": "git",
                "url": "https://github.com/Automattic/jetpack-google-fonts-provider.git",
                "reference": "cc26c71d0156bcdce80552cb7f084c23b5fe7be4"
            },
            "dist": {
                "type": "zip",
                "url": "https://api.github.com/repos/Automattic/jetpack-google-fonts-provider/zipball/cc26c71d0156bcdce80552cb7f084c23b5fe7be4",
                "reference": "cc26c71d0156bcdce80552cb7f084c23b5fe7be4",
                "shasum": ""
            },
            "require-dev": {
                "automattic/jetpack-changelogger": "^3.1",
                "brain/monkey": "2.6.1",
                "yoast/phpunit-polyfills": "1.0.3"
            },
            "type": "jetpack-library",
            "extra": {
                "autotagger": true,
                "mirror-repo": "Automattic/jetpack-google-fonts-provider",
                "changelogger": {
                    "link-template": "https://github.com/Automattic/jetpack-google-fonts-provider/compare/v${old}...v${new}"
                },
                "branch-alias": {
                    "dev-master": "0.3.x-dev"
                },
                "textdomain": "jetpack-google-fonts-provider"
            },
            "autoload": {
                "classmap": [
                    "src/"
                ]
            },
            "notification-url": "https://packagist.org/downloads/",
            "license": [
                "GPL-2.0-or-later"
            ],
            "description": "WordPress Webfonts provider for Google Fonts",
            "support": {
                "source": "https://github.com/Automattic/jetpack-google-fonts-provider/tree/v0.3.0"
            },
            "time": "2022-04-26T14:33:32+00:00"
        }
    ],
    "packages-dev": [],
    "aliases": [],
    "minimum-stability": "stable",
    "stability-flags": [],
    "prefer-stable": false,
    "prefer-lowest": false,
    "platform": [],
    "platform-dev": [],
    "plugin-api-version": "2.2.0"
}
